<Solution>
  <Project Path="ApiGateway/ApiGateway.csproj" />
  <Project Path="AuthService/AuthService.csproj" />
  <Project Path="ReservationsService/ReservationsService.csproj" />
  <Project Path="ResourcesService/ResourcesService.csproj" />
  <Project Path="UserService/UserService.csproj" />
</Solution>